Microsoft Visual Studio Solution File, Format Version 12.00
# Visual Studio Version 17
VisualStudioVersion = 17.5.2.0
MinimumVisualStudioVersion = 10.0.40219.1
Project("{FAE04EC0-301F-11D3-BF4B-00C04F79EFBC}") = "UPTSiteTests", "UPTSiteTests\UPTSiteTests.csproj", "{A960852B-7C57-C2CF-EE8A-57997BC59301}"
EndProject
Global
	GlobalSection(SolutionConfigurationPlatforms) = preSolution
		Debug|Any CPU = Debug|Any CPU
		Release|Any CPU = Release|Any CPU
	EndGlobalSection
	GlobalSection(ProjectConfigurationPlatforms) = postSolution
		{A960852B-7C57-C2CF-EE8A-57997BC59301}.Debug|Any CPU.ActiveCfg = Debug|Any CPU
		{A960852B-7C57-C2CF-EE8A-57997BC59301}.Debug|Any CPU.Build.0 = Debug|Any CPU
		{A960852B-7C57-C2CF-EE8A-57997BC59301}.Release|Any CPU.ActiveCfg = Release|Any CPU
		{A960852B-7C57-C2CF-EE8A-57997BC59301}.Release|Any CPU.Build.0 = Release|Any CPU
	EndGlobalSection
	GlobalSection(SolutionProperties) = preSolution
		HideSolutionNode = FALSE
	EndGlobalSection
	GlobalSection(ExtensibilityGlobals) = postSolution
		SolutionGuid = {5C635F90-3D2F-4D28-8139-A38E37F55F26}
	EndGlobalSection
EndGlobal
